
Microsoft Visual Studio Solution File, Format Version 12.00
# Visual Studio Version 16
VisualStudioVersion = 16.0.31702.278
MinimumVisualStudioVersion = 10.0.40219.1
Project("{FAE04EC0-301F-11D3-BF4B-00C04F79EFBC}") = "Iosib_Alexandra_Lab10.Android", "Iosib_Alexandra_Lab10.Android\Iosib_Alexandra_Lab10.Android.csproj", "{BCC6F86F-A674-4001-9BAE-637A92FF2EE5}"
EndProject
Project("{FAE04EC0-301F-11D3-BF4B-00C04F79EFBC}") = "Iosib_Alexandra_Lab10.iOS", "Iosib_Alexandra_Lab10.iOS\Iosib_Alexandra_Lab10.iOS.csproj", "{ACE53FB4-4B5B-49A3-AABA-F736B3EE274A}"
EndProject
Project("{FAE04EC0-301F-11D3-BF4B-00C04F79EFBC}") = "Iosib_Alexandra_Lab10", "Iosib_Alexandra_Lab10\Iosib_Alexandra_Lab10.csproj", "{457697EC-4ADD-439D-B8B5-E7EF0A7EE1ED}"
EndProject
Global
	GlobalSection(SolutionConfigurationPlatforms) = preSolution
		Debug|Any CPU = Debug|Any CPU
		Debug|iPhone = Debug|iPhone
		Debug|iPhoneSimulator = Debug|iPhoneSimulator
		Release|Any CPU = Release|Any CPU
		Release|iPhone = Release|iPhone
		Release|iPhoneSimulator = Release|iPhoneSimulator
	EndGlobalSection
	GlobalSection(ProjectConfigurationPlatforms) = postSolution
		{BCC6F86F-A674-4001-9BAE-637A92FF2EE5}.Debug|Any CPU.ActiveCfg = Debug|Any CPU
		{BCC6F86F-A674-4001-9BAE-637A92FF2EE5}.Debug|Any CPU.Build.0 = Debug|Any CPU
		{BCC6F86F-A674-4001-9BAE-637A92FF2EE5}.Debug|Any CPU.Deploy.0 = Debug|Any CPU
		{BCC6F86F-A674-4001-9BAE-637A92FF2EE5}.Debug|iPhone.ActiveCfg = Debug|Any CPU
		{BCC6F86F-A674-4001-9BAE-637A92FF2EE5}.Debug|iPhone.Build.0 = Debug|Any CPU
		{BCC6F86F-A674-4001-9BAE-637A92FF2EE5}.Debug|iPhone.Deploy.0 = Debug|Any CPU
		{BCC6F86F-A674-4001-9BAE-637A92FF2EE5}.Debug|iPhoneSimulator.ActiveCfg = Debug|Any CPU
		{BCC6F86F-A674-4001-9BAE-637A92FF2EE5}.Debug|iPhoneSimulator.Build.0 = Debug|Any CPU
		{BCC6F86F-A674-4001-9BAE-637A92FF2EE5}.Debug|iPhoneSimulator.Deploy.0 = Debug|Any CPU
		{BCC6F86F-A674-4001-9BAE-637A92FF2EE5}.Release|Any CPU.ActiveCfg = Release|Any CPU
		{BCC6F86F-A674-4001-9BAE-637A92FF2EE5}.Release|Any CPU.Build.0 = Release|Any CPU
		{BCC6F86F-A674-4001-9BAE-637A92FF2EE5}.Release|Any CPU.Deploy.0 = Release|Any CPU
		{BCC6F86F-A674-4001-9BAE-637A92FF2EE5}.Release|iPhone.ActiveCfg = Release|Any CPU
		{BCC6F86F-A674-4001-9BAE-637A92FF2EE5}.Release|iPhone.Build.0 = Release|Any CPU
		{BCC6F86F-A674-4001-9BAE-637A92FF2EE5}.Release|iPhone.Deploy.0 = Release|Any CPU
		{BCC6F86F-A674-4001-9BAE-637A92FF2EE5}.Release|iPhoneSimulator.ActiveCfg = Release|Any CPU
		{BCC6F86F-A674-4001-9BAE-637A92FF2EE5}.Release|iPhoneSimulator.Build.0 = Release|Any CPU
		{BCC6F86F-A674-4001-9BAE-637A92FF2EE5}.Release|iPhoneSimulator.Deploy.0 = Release|Any CPU
		{ACE53FB4-4B5B-49A3-AABA-F736B3EE274A}.Debug|Any CPU.ActiveCfg = Debug|iPhone
		{ACE53FB4-4B5B-49A3-AABA-F736B3EE274A}.Debug|Any CPU.Build.0 = Debug|iPhone
		{ACE53FB4-4B5B-49A3-AABA-F736B3EE274A}.Debug|Any CPU.Deploy.0 = Debug|iPhone
		{ACE53FB4-4B5B-49A3-AABA-F736B3EE274A}.Debug|iPhone.ActiveCfg = Debug|iPhone
		{ACE53FB4-4B5B-49A3-AABA-F736B3EE274A}.Debug|iPhone.Build.0 = Debug|iPhone
		{ACE53FB4-4B5B-49A3-AABA-F736B3EE274A}.Debug|iPhone.Deploy.0 = Debug|iPhone
		{ACE53FB4-4B5B-49A3-AABA-F736B3EE274A}.Debug|iPhoneSimulator.ActiveCfg = Debug|iPhoneSimulator
		{ACE53FB4-4B5B-49A3-AABA-F736B3EE274A}.Debug|iPhoneSimulator.Build.0 = Debug|iPhoneSimulator
		{ACE53FB4-4B5B-49A3-AABA-F736B3EE274A}.Debug|iPhoneSimulator.Deploy.0 = Debug|iPhoneSimulator
		{ACE53FB4-4B5B-49A3-AABA-F736B3EE274A}.Release|Any CPU.ActiveCfg = Release|iPhoneSimulator
		{ACE53FB4-4B5B-49A3-AABA-F736B3EE274A}.Release|Any CPU.Build.0 = Release|iPhoneSimulator
		{ACE53FB4-4B5B-49A3-AABA-F736B3EE274A}.Release|Any CPU.Deploy.0 = Release|iPhoneSimulator
		{ACE53FB4-4B5B-49A3-AABA-F736B3EE274A}.Release|iPhone.ActiveCfg = Release|iPhone
		{ACE53FB4-4B5B-49A3-AABA-F736B3EE274A}.Release|iPhone.Build.0 = Release|iPhone
		{ACE53FB4-4B5B-49A3-AABA-F736B3EE274A}.Release|iPhone.Deploy.0 = Release|iPhone
		{ACE53FB4-4B5B-49A3-AABA-F736B3EE274A}.Release|iPhoneSimulator.ActiveCfg = Release|iPhoneSimulator
		{ACE53FB4-4B5B-49A3-AABA-F736B3EE274A}.Release|iPhoneSimulator.Build.0 = Release|iPhoneSimulator
		{ACE53FB4-4B5B-49A3-AABA-F736B3EE274A}.Release|iPhoneSimulator.Deploy.0 = Release|iPhoneSimulator
		{457697EC-4ADD-439D-B8B5-E7EF0A7EE1ED}.Debug|Any CPU.ActiveCfg = Debug|Any CPU
		{457697EC-4ADD-439D-B8B5-E7EF0A7EE1ED}.Debug|Any CPU.Build.0 = Debug|Any CPU
		{457697EC-4ADD-439D-B8B5-E7EF0A7EE1ED}.Debug|Any CPU.Deploy.0 = Debug|Any CPU
		{457697EC-4ADD-439D-B8B5-E7EF0A7EE1ED}.Debug|iPhone.ActiveCfg = Debug|Any CPU
		{457697EC-4ADD-439D-B8B5-E7EF0A7EE1ED}.Debug|iPhone.Build.0 = Debug|Any CPU
		{457697EC-4ADD-439D-B8B5-E7EF0A7EE1ED}.Debug|iPhone.Deploy.0 = Debug|Any CPU
		{457697EC-4ADD-439D-B8B5-E7EF0A7EE1ED}.Debug|iPhoneSimulator.ActiveCfg = Debug|Any CPU
		{457697EC-4ADD-439D-B8B5-E7EF0A7EE1ED}.Debug|iPhoneSimulator.Build.0 = Debug|Any CPU
		{457697EC-4ADD-439D-B8B5-E7EF0A7EE1ED}.Debug|iPhoneSimulator.Deploy.0 = Debug|Any CPU
		{457697EC-4ADD-439D-B8B5-E7EF0A7EE1ED}.Release|Any CPU.ActiveCfg = Release|Any CPU
		{457697EC-4ADD-439D-B8B5-E7EF0A7EE1ED}.Release|Any CPU.Build.0 = Release|Any CPU
		{457697EC-4ADD-439D-B8B5-E7EF0A7EE1ED}.Release|Any CPU.Deploy.0 = Release|Any CPU
		{457697EC-4ADD-439D-B8B5-E7EF0A7EE1ED}.Release|iPhone.ActiveCfg = Release|Any CPU
		{457697EC-4ADD-439D-B8B5-E7EF0A7EE1ED}.Release|iPhone.Build.0 = Release|Any CPU
		{457697EC-4ADD-439D-B8B5-E7EF0A7EE1ED}.Release|iPhone.Deploy.0 = Release|Any CPU
		{457697EC-4ADD-439D-B8B5-E7EF0A7EE1ED}.Release|iPhoneSimulator.ActiveCfg = Release|Any CPU
		{457697EC-4ADD-439D-B8B5-E7EF0A7EE1ED}.Release|iPhoneSimulator.Build.0 = Release|Any CPU
		{457697EC-4ADD-439D-B8B5-E7EF0A7EE1ED}.Release|iPhoneSimulator.Deploy.0 = Release|Any CPU
	EndGlobalSection
	GlobalSection(SolutionProperties) = preSolution
		HideSolutionNode = FALSE
	EndGlobalSection
	GlobalSection(ExtensibilityGlobals) = postSolution
		SolutionGuid = {0E567B33-8417-4108-B205-840C2C82A94D}
	EndGlobalSection
EndGlobal
